// !$*UTF8*$!
{
	archiveVersion = 1;
	classes = {
	};
	objectVersion = 77;
	objects = {

/* Begin PBXBuildFile section */
		BB0000000000000000000003 /* Sparkle in Frameworks */ = {isa = PBXBuildFile; productRef = BB0000000000000000000005 /* Sparkle */; };
/* End PBXBuildFile section */

/* Begin PBXContainerItemProxy section */
		AA0000000000000000000007 /* PBXContainerItemProxy */ = {
			isa = PBXContainerItemProxy;
			containerPortal = 29986C6E3037E7160009632B /* Project object */;
			proxyType = 1;
			remoteGlobalIDString = 29986C753037E7160009632B;
			remoteInfo = Flicksy;
		};
		BB0000000000000000000024 /* PBXContainerItemProxy */ = {
			isa = PBXContainerItemProxy;
			containerPortal = 29986C6E3037E7160009632B /* Project object */;
			proxyType = 1;
			remoteGlobalIDString = BB0000000000000000000013;
			remoteInfo = "Flicksy App Store";
		};
/* End PBXContainerItemProxy section */

/* Begin PBXFileReference section */
		29986C763037E7160009632B /* Flicksy.app */ = {isa = PBXFileReference; explicitFileType = wrapper.application; includeInIndex = 0; path = Flicksy.app; sourceTree = BUILT_PRODUCTS_DIR; };
		AA0000000000000000000002 /* FlicksyTests.xctest */ = {isa = PBXFileReference; explicitFileType = wrapper.cfbundle; includeInIndex = 0; path = FlicksyTests.xctest; sourceTree = BUILT_PRODUCTS_DIR; };
		BB0000000000000000000001 /* Flicksy App Store.app */ = {isa = PBXFileReference; explicitFileType = wrapper.application; includeInIndex = 0; path = "Flicksy App Store.app"; sourceTree = BUILT_PRODUCTS_DIR; };
		BB0000000000000000000002 /* FlicksyAppStoreTests.xctest */ = {isa = PBXFileReference; explicitFileType = wrapper.cfbundle; includeInIndex = 0; path = FlicksyAppStoreTests.xctest; sourceTree = BUILT_PRODUCTS_DIR; };
		CC0000000000000000000001 /* Configurations/ProjectRelease.xcconfig */ = {isa = PBXFileReference; lastKnownFileType = text.xcconfig; path = Configurations/ProjectRelease.xcconfig; sourceTree = SOURCE_ROOT; };
		CC0000000000000000000002 /* Configurations/DirectBase.xcconfig */ = {isa = PBXFileReference; lastKnownFileType = text.xcconfig; path = Configurations/DirectBase.xcconfig; sourceTree = SOURCE_ROOT; };
		CC0000000000000000000003 /* Configurations/DirectTest.xcconfig */ = {isa = PBXFileReference; lastKnownFileType = text.xcconfig; path = Configurations/DirectTest.xcconfig; sourceTree = SOURCE_ROOT; };
		CC0000000000000000000004 /* Configurations/DirectProduction.xcconfig */ = {isa = PBXFileReference; lastKnownFileType = text.xcconfig; path = Configurations/DirectProduction.xcconfig; sourceTree = SOURCE_ROOT; };
/* End PBXFileReference section */

/* Begin PBXFileSystemSynchronizedBuildFileExceptionSet section */
		BB0000000000000000000040 /* Exceptions for "Flicksy" folder in "Flicksy" target */ = {
			isa = PBXFileSystemSynchronizedBuildFileExceptionSet;
			membershipExceptions = (
				"Info-AppStore.plist",
				"Info-Direct.plist",
			);
			target = 29986C753037E7160009632B /* Flicksy */;
		};
		BB0000000000000000000041 /* Exceptions for "Flicksy" folder in "Flicksy App Store" target */ = {
			isa = PBXFileSystemSynchronizedBuildFileExceptionSet;
			membershipExceptions = (
				"Info-AppStore.plist",
				"Info-Direct.plist",
			);
			target = BB0000000000000000000013 /* Flicksy App Store */;
		};
/* End PBXFileSystemSynchronizedBuildFileExceptionSet section */

/* Begin PBXFileSystemSynchronizedRootGroup section */
		29986C783037E7160009632B /* Flicksy */ = {
			isa = PBXFileSystemSynchronizedRootGroup;
			exceptions = (
				BB0000000000000000000040 /* Exceptions for "Flicksy" folder in "Flicksy" target */,
				BB0000000000000000000041 /* Exceptions for "Flicksy" folder in "Flicksy App Store" target */,
			);
			path = Flicksy;
			sourceTree = "<group>";
		};
		AA0000000000000000000003 /* FlicksyTests */ = {
			isa = PBXFileSystemSynchronizedRootGroup;
			path = FlicksyTests;
			sourceTree = "<group>";
		};
/* End PBXFileSystemSynchronizedRootGroup section */

/* Begin PBXFrameworksBuildPhase section */
		29986C733037E7160009632B /* Frameworks */ = {
			isa = PBXFrameworksBuildPhase;
			buildActionMask = 2147483647;
			files = (
				BB0000000000000000000003 /* Sparkle in Frameworks */,
			);
			runOnlyForDeploymentPostprocessing = 0;
		};
		AA0000000000000000000005 /* Frameworks */ = {
			isa = PBXFrameworksBuildPhase;
			buildActionMask = 2147483647;
			files = (
			);
			runOnlyForDeploymentPostprocessing = 0;
		};
		BB0000000000000000000011 /* Frameworks */ = {
			isa = PBXFrameworksBuildPhase;
			buildActionMask = 2147483647;
			files = (
			);
			runOnlyForDeploymentPostprocessing = 0;
		};
		BB0000000000000000000021 /* Frameworks */ = {
			isa = PBXFrameworksBuildPhase;
			buildActionMask = 2147483647;
			files = (
			);
			runOnlyForDeploymentPostprocessing = 0;
		};
/* End PBXFrameworksBuildPhase section */

/* Begin PBXGroup section */
		29986C6D3037E7160009632B = {
			isa = PBXGroup;
			children = (
				29986C783037E7160009632B /* Flicksy */,
				AA0000000000000000000003 /* FlicksyTests */,
				CC0000000000000000000001 /* Configurations/ProjectRelease.xcconfig */,
				CC0000000000000000000002 /* Configurations/DirectBase.xcconfig */,
				CC0000000000000000000003 /* Configurations/DirectTest.xcconfig */,
				CC0000000000000000000004 /* Configurations/DirectProduction.xcconfig */,
				29986C773037E7160009632B /* Products */,
			);
			sourceTree = "<group>";
		};
		29986C773037E7160009632B /* Products */ = {
			isa = PBXGroup;
			children = (
				29986C763037E7160009632B /* Flicksy.app */,
				BB0000000000000000000001 /* Flicksy App Store.app */,
				AA0000000000000000000002 /* FlicksyTests.xctest */,
				BB0000000000000000000002 /* FlicksyAppStoreTests.xctest */,
			);
			name = Products;
			sourceTree = "<group>";
		};
/* End PBXGroup section */

/* Begin PBXNativeTarget section */
		29986C753037E7160009632B /* Flicksy */ = {
			isa = PBXNativeTarget;
			buildConfigurationList = 29986C813037E7170009632B /* Build configuration list for PBXNativeTarget "Flicksy" */;
			buildPhases = (
				29986C723037E7160009632B /* Sources */,
				29986C733037E7160009632B /* Frameworks */,
				29986C743037E7160009632B /* Resources */,
			);
			buildRules = (
			);
			dependencies = (
			);
			fileSystemSynchronizedGroups = (
				29986C783037E7160009632B /* Flicksy */,
			);
			name = Flicksy;
			packageProductDependencies = (
				BB0000000000000000000005 /* Sparkle */,
			);
			productName = Flicksy;
			productReference = 29986C763037E7160009632B /* Flicksy.app */;
			productType = "com.apple.product-type.application";
		};
		AA0000000000000000000001 /* FlicksyTests */ = {
			isa = PBXNativeTarget;
			buildConfigurationList = AA0000000000000000000009 /* Build configuration list for PBXNativeTarget "FlicksyTests" */;
			buildPhases = (
				AA0000000000000000000004 /* Sources */,
				AA0000000000000000000005 /* Frameworks */,
				AA0000000000000000000006 /* Resources */,
			);
			buildRules = (
			);
			dependencies = (
				AA0000000000000000000008 /* PBXTargetDependency */,
			);
			fileSystemSynchronizedGroups = (
				AA0000000000000000000003 /* FlicksyTests */,
			);
			name = FlicksyTests;
			packageProductDependencies = (
			);
			productName = FlicksyTests;
			productReference = AA0000000000000000000002 /* FlicksyTests.xctest */;
			productType = "com.apple.product-type.bundle.unit-test";
		};
		BB0000000000000000000013 /* Flicksy App Store */ = {
			isa = PBXNativeTarget;
			buildConfigurationList = BB0000000000000000000032 /* Build configuration list for PBXNativeTarget "Flicksy App Store" */;
			buildPhases = (
				BB0000000000000000000010 /* Sources */,
				BB0000000000000000000011 /* Frameworks */,
				BB0000000000000000000012 /* Resources */,
			);
			buildRules = (
			);
			dependencies = (
			);
			fileSystemSynchronizedGroups = (
				29986C783037E7160009632B /* Flicksy */,
			);
			name = "Flicksy App Store";
			packageProductDependencies = (
			);
			productName = Flicksy;
			productReference = BB0000000000000000000001 /* Flicksy App Store.app */;
			productType = "com.apple.product-type.application";
		};
		BB0000000000000000000023 /* FlicksyAppStoreTests */ = {
			isa = PBXNativeTarget;
			buildConfigurationList = BB0000000000000000000033 /* Build configuration list for PBXNativeTarget "FlicksyAppStoreTests" */;
			buildPhases = (
				BB0000000000000000000020 /* Sources */,
				BB0000000000000000000021 /* Frameworks */,
				BB0000000000000000000022 /* Resources */,
			);
			buildRules = (
			);
			dependencies = (
				BB0000000000000000000025 /* PBXTargetDependency */,
			);
			fileSystemSynchronizedGroups = (
				AA0000000000000000000003 /* FlicksyTests */,
			);
			name = FlicksyAppStoreTests;
			packageProductDependencies = (
			);
			productName = FlicksyAppStoreTests;
			productReference = BB0000000000000000000002 /* FlicksyAppStoreTests.xctest */;
			productType = "com.apple.product-type.bundle.unit-test";
		};
/* End PBXNativeTarget section */

/* Begin PBXProject section */
		29986C6E3037E7160009632B /* Project object */ = {
			isa = PBXProject;
			attributes = {
				BuildIndependentTargetsInParallel = 1;
				LastSwiftUpdateCheck = 2660;
				LastUpgradeCheck = 2660;
				TargetAttributes = {
					29986C753037E7160009632B = {
						CreatedOnToolsVersion = 26.6;
					};
					AA0000000000000000000001 = {
						CreatedOnToolsVersion = 26.6;
						TestTargetID = 29986C753037E7160009632B;
					};
					BB0000000000000000000013 = {
						CreatedOnToolsVersion = 26.6;
					};
					BB0000000000000000000023 = {
						CreatedOnToolsVersion = 26.6;
						TestTargetID = BB0000000000000000000013;
					};
				};
			};
			buildConfigurationList = 29986C713037E7160009632B /* Build configuration list for PBXProject "Flicksy" */;
			developmentRegion = en;
			hasScannedForEncodings = 0;
			knownRegions = (
				en,
				Base,
			);
			mainGroup = 29986C6D3037E7160009632B;
			minimizedProjectReferenceProxies = 1;
			packageReferences = (
				BB0000000000000000000004 /* XCRemoteSwiftPackageReference "Sparkle" */,
			);
			preferredProjectObjectVersion = 77;
			productRefGroup = 29986C773037E7160009632B /* Products */;
			projectDirPath = "";
			projectRoot = "";
			targets = (
				29986C753037E7160009632B /* Flicksy */,
				BB0000000000000000000013 /* Flicksy App Store */,
				AA0000000000000000000001 /* FlicksyTests */,
				BB0000000000000000000023 /* FlicksyAppStoreTests */,
			);
		};
/* End PBXProject section */

/* Begin PBXResourcesBuildPhase section */
		29986C743037E7160009632B /* Resources */ = {
			isa = PBXResourcesBuildPhase;
			buildActionMask = 2147483647;
			files = (
			);
			runOnlyForDeploymentPostprocessing = 0;
		};
		AA0000000000000000000006 /* Resources */ = {
			isa = PBXResourcesBuildPhase;
			buildActionMask = 2147483647;
			files = (
			);
			runOnlyForDeploymentPostprocessing = 0;
		};
		BB0000000000000000000012 /* Resources */ = {
			isa = PBXResourcesBuildPhase;
			buildActionMask = 2147483647;
			files = (
			);
			runOnlyForDeploymentPostprocessing = 0;
		};
		BB0000000000000000000022 /* Resources */ = {
			isa = PBXResourcesBuildPhase;
			buildActionMask = 2147483647;
			files = (
			);
			runOnlyForDeploymentPostprocessing = 0;
		};
/* End PBXResourcesBuildPhase section */

/* Begin PBXSourcesBuildPhase section */
		29986C723037E7160009632B /* Sources */ = {
			isa = PBXSourcesBuildPhase;
			buildActionMask = 2147483647;
			files = (
			);
			runOnlyForDeploymentPostprocessing = 0;
		};
		AA0000000000000000000004 /* Sources */ = {
			isa = PBXSourcesBuildPhase;
			buildActionMask = 2147483647;
			files = (
			);
			runOnlyForDeploymentPostprocessing = 0;
		};
		BB0000000000000000000010 /* Sources */ = {
			isa = PBXSourcesBuildPhase;
			buildActionMask = 2147483647;
			files = (
			);
			runOnlyForDeploymentPostprocessing = 0;
		};
		BB0000000000000000000020 /* Sources */ = {
			isa = PBXSourcesBuildPhase;
			buildActionMask = 2147483647;
			files = (
			);
			runOnlyForDeploymentPostprocessing = 0;
		};
/* End PBXSourcesBuildPhase section */

/* Begin PBXTargetDependency section */
		AA0000000000000000000008 /* PBXTargetDependency */ = {
			isa = PBXTargetDependency;
			target = 29986C753037E7160009632B /* Flicksy */;
			targetProxy = AA0000000000000000000007 /* PBXContainerItemProxy */;
		};
		BB0000000000000000000025 /* PBXTargetDependency */ = {
			isa = PBXTargetDependency;
			target = BB0000000000000000000013 /* Flicksy App Store */;
			targetProxy = BB0000000000000000000024 /* PBXContainerItemProxy */;
		};
/* End PBXTargetDependency section */

/* Begin XCBuildConfiguration section */
		297FFB27304A56DA0033A0F6 /* Direct Test */ = {
			isa = XCBuildConfiguration;
			buildSettings = {
				PRODUCT_NAME = Flicksy;
			};
			name = "Direct Test";
		};
		297FFB28304A56DA0033A0F6 /* Direct Production */ = {
			isa = XCBuildConfiguration;
			buildSettings = {
				PRODUCT_NAME = Flicksy;
			};
			name = "Direct Production";
		};
		297FFB29304A56DA0033A0F6 /* Direct Test */ = {
			isa = XCBuildConfiguration;
			buildSettings = {
				PRODUCT_NAME = FlicksyTests;
			};
			name = "Direct Test";
		};
		297FFB2A304A56DA0033A0F6 /* Direct Production */ = {
			isa = XCBuildConfiguration;
			buildSettings = {
				PRODUCT_NAME = FlicksyTests;
			};
			name = "Direct Production";
		};
		297FFB2B304A56DA0033A0F6 /* Direct Test */ = {
			isa = XCBuildConfiguration;
			buildSettings = {
				PRODUCT_NAME = FlicksyAppStoreTests;
			};
			name = "Direct Test";
		};
		297FFB2C304A56DA0033A0F6 /* Direct Production */ = {
			isa = XCBuildConfiguration;
			buildSettings = {
				PRODUCT_NAME = FlicksyAppStoreTests;
			};
			name = "Direct Production";
		};
		29986C7F3037E7170009632B /* Debug */ = {
			isa = XCBuildConfiguration;
			buildSettings = {
				ALWAYS_SEARCH_USER_PATHS = NO;
				ASSETCATALOG_COMPILER_GENERATE_SWIFT_ASSET_SYMBOL_EXTENSIONS = YES;
				CLANG_ANALYZER_NONNULL = YES;
				CLANG_ANALYZER_NUMBER_OBJECT_CONVERSION = YES_AGGRESSIVE;
				CLANG_CXX_LANGUAGE_STANDARD = "gnu++20";
				CLANG_ENABLE_MODULES = YES;
				CLANG_ENABLE_OBJC_ARC = YES;
				CLANG_ENABLE_OBJC_WEAK = YES;
				CLANG_WARN_BLOCK_CAPTURE_AUTORELEASING = YES;
				CLANG_WARN_BOOL_CONVERSION = YES;
				CLANG_WARN_COMMA = YES;
				CLANG_WARN_CONSTANT_CONVERSION = YES;
				CLANG_WARN_DEPRECATED_OBJC_IMPLEMENTATIONS = YES;
				CLANG_WARN_DIRECT_OBJC_ISA_USAGE = YES_ERROR;
				CLANG_WARN_DOCUMENTATION_COMMENTS = YES;
				CLANG_WARN_EMPTY_BODY = YES;
				CLANG_WARN_ENUM_CONVERSION = YES;
				CLANG_WARN_INFINITE_RECURSION = YES;
				CLANG_WARN_INT_CONVERSION = YES;
				CLANG_WARN_NON_LITERAL_NULL_CONVERSION = YES;
				CLANG_WARN_OBJC_IMPLICIT_RETAIN_SELF = YES;
				CLANG_WARN_OBJC_LITERAL_CONVERSION = YES;
				CLANG_WARN_OBJC_ROOT_CLASS = YES_ERROR;
				CLANG_WARN_QUOTED_INCLUDE_IN_FRAMEWORK_HEADER = YES;
				CLANG_WARN_RANGE_LOOP_ANALYSIS = YES;
				CLANG_WARN_STRICT_PROTOTYPES = YES;
				CLANG_WARN_SUSPICIOUS_MOVE = YES;
				CLANG_WARN_UNGUARDED_AVAILABILITY = YES_AGGRESSIVE;
				CLANG_WARN_UNREACHABLE_CODE = YES;
				CLANG_WARN__DUPLICATE_METHOD_MATCH = YES;
				COPY_PHASE_STRIP = NO;
				DEBUG_INFORMATION_FORMAT = dwarf;
				ENABLE_STRICT_OBJC_MSGSEND = YES;
				ENABLE_TESTABILITY = YES;
				ENABLE_USER_SCRIPT_SANDBOXING = YES;
				GCC_C_LANGUAGE_STANDARD = gnu17;
				GCC_DYNAMIC_NO_PIC = NO;
				GCC_NO_COMMON_BLOCKS = YES;
				GCC_OPTIMIZATION_LEVEL = 0;
				GCC_PREPROCESSOR_DEFINITIONS = (
					"DEBUG=1",
					"$(inherited)",
				);
				GCC_WARN_64_TO_32_BIT_CONVERSION = YES;
				GCC_WARN_ABOUT_RETURN_TYPE = YES_ERROR;
				GCC_WARN_UNDECLARED_SELECTOR = YES;
				GCC_WARN_UNINITIALIZED_AUTOS = YES_AGGRESSIVE;
				GCC_WARN_UNUSED_FUNCTION = YES;
				GCC_WARN_UNUSED_VARIABLE = YES;
				LOCALIZATION_PREFERS_STRING_CATALOGS = YES;
				MACOSX_DEPLOYMENT_TARGET = 15.0;
				MTL_ENABLE_DEBUG_INFO = INCLUDE_SOURCE;
				MTL_FAST_MATH = YES;
				ONLY_ACTIVE_ARCH = YES;
				SDKROOT = macosx;
				SWIFT_ACTIVE_COMPILATION_CONDITIONS = "DEBUG $(inherited)";
				SWIFT_OPTIMIZATION_LEVEL = "-Onone";
			};
			name = Debug;
		};
		29986C803037E7170009632B /* Release */ = {
			isa = XCBuildConfiguration;
			buildSettings = {
				ALWAYS_SEARCH_USER_PATHS = NO;
				ASSETCATALOG_COMPILER_GENERATE_SWIFT_ASSET_SYMBOL_EXTENSIONS = YES;
				CLANG_ANALYZER_NONNULL = YES;
				CLANG_ANALYZER_NUMBER_OBJECT_CONVERSION = YES_AGGRESSIVE;
				CLANG_CXX_LANGUAGE_STANDARD = "gnu++20";
				CLANG_ENABLE_MODULES = YES;
				CLANG_ENABLE_OBJC_ARC = YES;
				CLANG_ENABLE_OBJC_WEAK = YES;
				CLANG_WARN_BLOCK_CAPTURE_AUTORELEASING = YES;
				CLANG_WARN_BOOL_CONVERSION = YES;
				CLANG_WARN_COMMA = YES;
				CLANG_WARN_CONSTANT_CONVERSION = YES;
				CLANG_WARN_DEPRECATED_OBJC_IMPLEMENTATIONS = YES;
				CLANG_WARN_DIRECT_OBJC_ISA_USAGE = YES_ERROR;
				CLANG_WARN_DOCUMENTATION_COMMENTS = YES;
				CLANG_WARN_EMPTY_BODY = YES;
				CLANG_WARN_ENUM_CONVERSION = YES;
				CLANG_WARN_INFINITE_RECURSION = YES;
				CLANG_WARN_INT_CONVERSION = YES;
				CLANG_WARN_NON_LITERAL_NULL_CONVERSION = YES;
				CLANG_WARN_OBJC_IMPLICIT_RETAIN_SELF = YES;
				CLANG_WARN_OBJC_LITERAL_CONVERSION = YES;
				CLANG_WARN_OBJC_ROOT_CLASS = YES_ERROR;
				CLANG_WARN_QUOTED_INCLUDE_IN_FRAMEWORK_HEADER = YES;
				CLANG_WARN_RANGE_LOOP_ANALYSIS = YES;
				CLANG_WARN_STRICT_PROTOTYPES = YES;
				CLANG_WARN_SUSPICIOUS_MOVE = YES;
				CLANG_WARN_UNGUARDED_AVAILABILITY = YES_AGGRESSIVE;
				CLANG_WARN_UNREACHABLE_CODE = YES;
				CLANG_WARN__DUPLICATE_METHOD_MATCH = YES;
				COPY_PHASE_STRIP = NO;
				DEBUG_INFORMATION_FORMAT = "dwarf-with-dsym";
				ENABLE_NS_ASSERTIONS = NO;
				ENABLE_STRICT_OBJC_MSGSEND = YES;
				ENABLE_USER_SCRIPT_SANDBOXING = YES;
				GCC_C_LANGUAGE_STANDARD = gnu17;
				GCC_NO_COMMON_BLOCKS = YES;
				GCC_WARN_64_TO_32_BIT_CONVERSION = YES;
				GCC_WARN_ABOUT_RETURN_TYPE = YES_ERROR;
				GCC_WARN_UNDECLARED_SELECTOR = YES;
				GCC_WARN_UNINITIALIZED_AUTOS = YES_AGGRESSIVE;
				GCC_WARN_UNUSED_FUNCTION = YES;
				GCC_WARN_UNUSED_VARIABLE = YES;
				LOCALIZATION_PREFERS_STRING_CATALOGS = YES;
				MACOSX_DEPLOYMENT_TARGET = 15.0;
				MTL_ENABLE_DEBUG_INFO = NO;
				MTL_FAST_MATH = YES;
				SDKROOT = macosx;
				SWIFT_COMPILATION_MODE = wholemodule;
			};
			name = Release;
		};
		29986C823037E7170009632B /* Debug */ = {
			isa = XCBuildConfiguration;
			buildSettings = {
				ASSETCATALOG_COMPILER_APPICON_NAME = AppIcon;
				ASSETCATALOG_COMPILER_GLOBAL_ACCENT_COLOR_NAME = AccentColor;
				CODE_SIGN_ENTITLEMENTS = Flicksy/Flicksy.entitlements;
				CODE_SIGN_STYLE = Automatic;
				COMBINE_HIDPI_IMAGES = YES;
				CURRENT_PROJECT_VERSION = 1;
				ENABLE_APP_SANDBOX = YES;
				ENABLE_HARDENED_RUNTIME = YES;
				ENABLE_PREVIEWS = YES;
				ENABLE_USER_SELECTED_FILES = readonly;
				GENERATE_INFOPLIST_FILE = NO;
				INFOPLIST_FILE = "Flicksy/Info-Direct.plist";
				INFOPLIST_KEY_CFBundleDisplayName = Flicksy;
				INFOPLIST_KEY_FlicksyCheckoutURL = "$(FLICKSY_CHECKOUT_URL)";
				INFOPLIST_KEY_FlicksyLicenseAPIURL = "$(FLICKSY_LICENSE_API_URL)";
				INFOPLIST_KEY_FlicksyPurchasePrice = $19;
				INFOPLIST_KEY_NSHumanReadableCopyright = "© 2026 Flicksy";
				INFOPLIST_KEY_SUEnableInstallerLauncherService = YES;
				INFOPLIST_KEY_SUFeedURL = "$(SPARKLE_FEED_URL)";
				INFOPLIST_KEY_SUPublicEDKey = "$(SPARKLE_PUBLIC_ED_KEY)";
				INFOPLIST_KEY_SURequireSignedFeed = YES;
				INFOPLIST_KEY_SUSendProfileInfo = NO;
				LD_RUNPATH_SEARCH_PATHS = (
					"$(inherited)",
					"@executable_path/../Frameworks",
				);
				MARKETING_VERSION = 1.0;
				PRODUCT_BUNDLE_IDENTIFIER = cloudedminds.Flicksy;
				PRODUCT_NAME = "$(TARGET_NAME)";
				REGISTER_APP_GROUPS = YES;
				STRING_CATALOG_GENERATE_SYMBOLS = YES;
				SWIFT_ACTIVE_COMPILATION_CONDITIONS = "DIRECT_DISTRIBUTION $(inherited)";
				SWIFT_APPROACHABLE_CONCURRENCY = YES;
				SWIFT_DEFAULT_ACTOR_ISOLATION = MainActor;
				SWIFT_EMIT_LOC_STRINGS = YES;
				SWIFT_UPCOMING_FEATURE_MEMBER_IMPORT_VISIBILITY = YES;
				SWIFT_VERSION = 5.0;
			};
			name = Debug;
		};
		29986C833037E7170009632B /* Release */ = {
			isa = XCBuildConfiguration;
			buildSettings = {
				ASSETCATALOG_COMPILER_APPICON_NAME = AppIcon;
				ASSETCATALOG_COMPILER_GLOBAL_ACCENT_COLOR_NAME = AccentColor;
				CODE_SIGN_ENTITLEMENTS = Flicksy/Flicksy.entitlements;
				CODE_SIGN_STYLE = Automatic;
				COMBINE_HIDPI_IMAGES = YES;
				CURRENT_PROJECT_VERSION = 1;
				ENABLE_APP_SANDBOX = YES;
				ENABLE_HARDENED_RUNTIME = YES;
				ENABLE_PREVIEWS = YES;
				ENABLE_USER_SELECTED_FILES = readonly;
				GENERATE_INFOPLIST_FILE = NO;
				INFOPLIST_FILE = "Flicksy/Info-Direct.plist";
				INFOPLIST_KEY_CFBundleDisplayName = Flicksy;
				INFOPLIST_KEY_FlicksyCheckoutURL = "$(FLICKSY_CHECKOUT_URL)";
				INFOPLIST_KEY_FlicksyLicenseAPIURL = "$(FLICKSY_LICENSE_API_URL)";
				INFOPLIST_KEY_FlicksyPurchasePrice = $19;
				INFOPLIST_KEY_NSHumanReadableCopyright = "© 2026 Flicksy";
				INFOPLIST_KEY_SUEnableInstallerLauncherService = YES;
				INFOPLIST_KEY_SUFeedURL = "$(SPARKLE_FEED_URL)";
				INFOPLIST_KEY_SUPublicEDKey = "$(SPARKLE_PUBLIC_ED_KEY)";
				INFOPLIST_KEY_SURequireSignedFeed = YES;
				INFOPLIST_KEY_SUSendProfileInfo = NO;
				LD_RUNPATH_SEARCH_PATHS = (
					"$(inherited)",
					"@executable_path/../Frameworks",
				);
				MARKETING_VERSION = 1.0;
				PRODUCT_BUNDLE_IDENTIFIER = cloudedminds.Flicksy;
				PRODUCT_NAME = "$(TARGET_NAME)";
				REGISTER_APP_GROUPS = YES;
				STRING_CATALOG_GENERATE_SYMBOLS = YES;
				SWIFT_ACTIVE_COMPILATION_CONDITIONS = "DIRECT_DISTRIBUTION $(inherited)";
				SWIFT_APPROACHABLE_CONCURRENCY = YES;
				SWIFT_DEFAULT_ACTOR_ISOLATION = MainActor;
				SWIFT_EMIT_LOC_STRINGS = YES;
				SWIFT_UPCOMING_FEATURE_MEMBER_IMPORT_VISIBILITY = YES;
				SWIFT_VERSION = 5.0;
			};
			name = Release;
		};
		AA000000000000000000000A /* Debug */ = {
			isa = XCBuildConfiguration;
			buildSettings = {
				BUNDLE_LOADER = "$(TEST_HOST)";
				CODE_SIGN_STYLE = Automatic;
				GENERATE_INFOPLIST_FILE = YES;
				MACOSX_DEPLOYMENT_TARGET = 15.0;
				PRODUCT_BUNDLE_IDENTIFIER = cloudedminds.FlicksyTests;
				PRODUCT_NAME = "$(TARGET_NAME)";
				SWIFT_ACTIVE_COMPILATION_CONDITIONS = "DIRECT_DISTRIBUTION $(inherited)";
				SWIFT_APPROACHABLE_CONCURRENCY = YES;
				SWIFT_DEFAULT_ACTOR_ISOLATION = MainActor;
				SWIFT_EMIT_LOC_STRINGS = NO;
				SWIFT_UPCOMING_FEATURE_MEMBER_IMPORT_VISIBILITY = YES;
				SWIFT_VERSION = 5.0;
				TEST_HOST = "$(BUILT_PRODUCTS_DIR)/Flicksy.app/Contents/MacOS/Flicksy";
			};
			name = Debug;
		};
		AA000000000000000000000B /* Release */ = {
			isa = XCBuildConfiguration;
			buildSettings = {
				BUNDLE_LOADER = "$(TEST_HOST)";
				CODE_SIGN_STYLE = Automatic;
				GENERATE_INFOPLIST_FILE = YES;
				MACOSX_DEPLOYMENT_TARGET = 15.0;
				PRODUCT_BUNDLE_IDENTIFIER = cloudedminds.FlicksyTests;
				PRODUCT_NAME = "$(TARGET_NAME)";
				SWIFT_ACTIVE_COMPILATION_CONDITIONS = "DIRECT_DISTRIBUTION $(inherited)";
				SWIFT_APPROACHABLE_CONCURRENCY = YES;
				SWIFT_DEFAULT_ACTOR_ISOLATION = MainActor;
				SWIFT_EMIT_LOC_STRINGS = NO;
				SWIFT_UPCOMING_FEATURE_MEMBER_IMPORT_VISIBILITY = YES;
				SWIFT_VERSION = 5.0;
				TEST_HOST = "$(BUILT_PRODUCTS_DIR)/Flicksy.app/Contents/MacOS/Flicksy";
			};
			name = Release;
		};
		BB0000000000000000000030 /* Debug */ = {
			isa = XCBuildConfiguration;
			buildSettings = {
				ASSETCATALOG_COMPILER_APPICON_NAME = AppIcon;
				ASSETCATALOG_COMPILER_GLOBAL_ACCENT_COLOR_NAME = AccentColor;
				CODE_SIGN_ENTITLEMENTS = Flicksy/FlicksyAppStore.entitlements;
				CODE_SIGN_STYLE = Automatic;
				COMBINE_HIDPI_IMAGES = YES;
				CURRENT_PROJECT_VERSION = 1;
				ENABLE_APP_SANDBOX = YES;
				ENABLE_HARDENED_RUNTIME = YES;
				ENABLE_PREVIEWS = YES;
				ENABLE_USER_SELECTED_FILES = readonly;
				GENERATE_INFOPLIST_FILE = NO;
				INFOPLIST_FILE = "Flicksy/Info-AppStore.plist";
				INFOPLIST_KEY_CFBundleDisplayName = Flicksy;
				INFOPLIST_KEY_NSHumanReadableCopyright = "© 2026 Flicksy";
				LD_RUNPATH_SEARCH_PATHS = (
					"$(inherited)",
					"@executable_path/../Frameworks",
				);
				MARKETING_VERSION = 1.0;
				PRODUCT_BUNDLE_IDENTIFIER = cloudedminds.Flicksy;
				PRODUCT_MODULE_NAME = Flicksy;
				PRODUCT_NAME = "Flicksy App Store";
				REGISTER_APP_GROUPS = YES;
				STRING_CATALOG_GENERATE_SYMBOLS = YES;
				SWIFT_ACTIVE_COMPILATION_CONDITIONS = "APP_STORE_DISTRIBUTION $(inherited)";
				SWIFT_APPROACHABLE_CONCURRENCY = YES;
				SWIFT_DEFAULT_ACTOR_ISOLATION = MainActor;
				SWIFT_EMIT_LOC_STRINGS = YES;
				SWIFT_UPCOMING_FEATURE_MEMBER_IMPORT_VISIBILITY = YES;
				SWIFT_VERSION = 5.0;
			};
			name = Debug;
		};
		BB0000000000000000000031 /* Release */ = {
			isa = XCBuildConfiguration;
			buildSettings = {
				ASSETCATALOG_COMPILER_APPICON_NAME = AppIcon;
				ASSETCATALOG_COMPILER_GLOBAL_ACCENT_COLOR_NAME = AccentColor;
				CODE_SIGN_ENTITLEMENTS = Flicksy/FlicksyAppStore.entitlements;
				CODE_SIGN_STYLE = Automatic;
				COMBINE_HIDPI_IMAGES = YES;
				CURRENT_PROJECT_VERSION = 1;
				ENABLE_APP_SANDBOX = YES;
				ENABLE_HARDENED_RUNTIME = YES;
				ENABLE_PREVIEWS = YES;
				ENABLE_USER_SELECTED_FILES = readonly;
				GENERATE_INFOPLIST_FILE = NO;
				INFOPLIST_FILE = "Flicksy/Info-AppStore.plist";
				INFOPLIST_KEY_CFBundleDisplayName = Flicksy;
				INFOPLIST_KEY_NSHumanReadableCopyright = "© 2026 Flicksy";
				LD_RUNPATH_SEARCH_PATHS = (
					"$(inherited)",
					"@executable_path/../Frameworks",
				);
				MARKETING_VERSION = 1.0;
				PRODUCT_BUNDLE_IDENTIFIER = cloudedminds.Flicksy;
				PRODUCT_MODULE_NAME = Flicksy;
				PRODUCT_NAME = "Flicksy App Store";
				REGISTER_APP_GROUPS = YES;
				STRING_CATALOG_GENERATE_SYMBOLS = YES;
				SWIFT_ACTIVE_COMPILATION_CONDITIONS = "APP_STORE_DISTRIBUTION $(inherited)";
				SWIFT_APPROACHABLE_CONCURRENCY = YES;
				SWIFT_DEFAULT_ACTOR_ISOLATION = MainActor;
				SWIFT_EMIT_LOC_STRINGS = YES;
				SWIFT_UPCOMING_FEATURE_MEMBER_IMPORT_VISIBILITY = YES;
				SWIFT_VERSION = 5.0;
			};
			name = Release;
		};
		BB0000000000000000000034 /* Debug */ = {
			isa = XCBuildConfiguration;
			buildSettings = {
				BUNDLE_LOADER = "$(TEST_HOST)";
				CODE_SIGN_STYLE = Automatic;
				GENERATE_INFOPLIST_FILE = YES;
				MACOSX_DEPLOYMENT_TARGET = 15.0;
				PRODUCT_BUNDLE_IDENTIFIER = cloudedminds.FlicksyAppStoreTests;
				PRODUCT_NAME = "$(TARGET_NAME)";
				SWIFT_ACTIVE_COMPILATION_CONDITIONS = "APP_STORE_DISTRIBUTION $(inherited)";
				SWIFT_APPROACHABLE_CONCURRENCY = YES;
				SWIFT_DEFAULT_ACTOR_ISOLATION = MainActor;
				SWIFT_EMIT_LOC_STRINGS = NO;
				SWIFT_UPCOMING_FEATURE_MEMBER_IMPORT_VISIBILITY = YES;
				SWIFT_VERSION = 5.0;
				TEST_HOST = "$(BUILT_PRODUCTS_DIR)/Flicksy App Store.app/Contents/MacOS/Flicksy App Store";
			};
			name = Debug;
		};
		BB0000000000000000000035 /* Release */ = {
			isa = XCBuildConfiguration;
			buildSettings = {
				BUNDLE_LOADER = "$(TEST_HOST)";
				CODE_SIGN_STYLE = Automatic;
				GENERATE_INFOPLIST_FILE = YES;
				MACOSX_DEPLOYMENT_TARGET = 15.0;
				PRODUCT_BUNDLE_IDENTIFIER = cloudedminds.FlicksyAppStoreTests;
				PRODUCT_NAME = "$(TARGET_NAME)";
				SWIFT_ACTIVE_COMPILATION_CONDITIONS = "APP_STORE_DISTRIBUTION $(inherited)";
				SWIFT_APPROACHABLE_CONCURRENCY = YES;
				SWIFT_DEFAULT_ACTOR_ISOLATION = MainActor;
				SWIFT_EMIT_LOC_STRINGS = NO;
				SWIFT_UPCOMING_FEATURE_MEMBER_IMPORT_VISIBILITY = YES;
				SWIFT_VERSION = 5.0;
				TEST_HOST = "$(BUILT_PRODUCTS_DIR)/Flicksy App Store.app/Contents/MacOS/Flicksy App Store";
			};
			name = Release;
		};
		CC0000000000000000000010 /* Direct Test */ = {
			isa = XCBuildConfiguration;
			baseConfigurationReference = CC0000000000000000000001 /* Configurations/ProjectRelease.xcconfig */;
			buildSettings = {
			};
			name = "Direct Test";
		};
		CC0000000000000000000011 /* Direct Production */ = {
			isa = XCBuildConfiguration;
			baseConfigurationReference = CC0000000000000000000001 /* Configurations/ProjectRelease.xcconfig */;
			buildSettings = {
			};
			name = "Direct Production";
		};
		CC0000000000000000000012 /* Direct Test */ = {
			isa = XCBuildConfiguration;
			baseConfigurationReference = CC0000000000000000000003 /* Configurations/DirectTest.xcconfig */;
			buildSettings = {
			};
			name = "Direct Test";
		};
		CC0000000000000000000013 /* Direct Production */ = {
			isa = XCBuildConfiguration;
			baseConfigurationReference = CC0000000000000000000004 /* Configurations/DirectProduction.xcconfig */;
			buildSettings = {
			};
			name = "Direct Production";
		};
/* End XCBuildConfiguration section */

/* Begin XCConfigurationList section */
		29986C713037E7160009632B /* Build configuration list for PBXProject "Flicksy" */ = {
			isa = XCConfigurationList;
			buildConfigurations = (
				29986C7F3037E7170009632B /* Debug */,
				29986C803037E7170009632B /* Release */,
				CC0000000000000000000010 /* Direct Test */,
				CC0000000000000000000011 /* Direct Production */,
			);
			defaultConfigurationIsVisible = 0;
			defaultConfigurationName = Release;
		};
		29986C813037E7170009632B /* Build configuration list for PBXNativeTarget "Flicksy" */ = {
			isa = XCConfigurationList;
			buildConfigurations = (
				29986C823037E7170009632B /* Debug */,
				29986C833037E7170009632B /* Release */,
				CC0000000000000000000012 /* Direct Test */,
				CC0000000000000000000013 /* Direct Production */,
			);
			defaultConfigurationIsVisible = 0;
			defaultConfigurationName = Release;
		};
		AA0000000000000000000009 /* Build configuration list for PBXNativeTarget "FlicksyTests" */ = {
			isa = XCConfigurationList;
			buildConfigurations = (
				AA000000000000000000000A /* Debug */,
				AA000000000000000000000B /* Release */,
				297FFB29304A56DA0033A0F6 /* Direct Test */,
				297FFB2A304A56DA0033A0F6 /* Direct Production */,
			);
			defaultConfigurationIsVisible = 0;
			defaultConfigurationName = Release;
		};
		BB0000000000000000000032 /* Build configuration list for PBXNativeTarget "Flicksy App Store" */ = {
			isa = XCConfigurationList;
			buildConfigurations = (
				BB0000000000000000000030 /* Debug */,
				BB0000000000000000000031 /* Release */,
				297FFB27304A56DA0033A0F6 /* Direct Test */,
				297FFB28304A56DA0033A0F6 /* Direct Production */,
			);
			defaultConfigurationIsVisible = 0;
			defaultConfigurationName = Release;
		};
		BB0000000000000000000033 /* Build configuration list for PBXNativeTarget "FlicksyAppStoreTests" */ = {
			isa = XCConfigurationList;
			buildConfigurations = (
				BB0000000000000000000034 /* Debug */,
				BB0000000000000000000035 /* Release */,
				297FFB2B304A56DA0033A0F6 /* Direct Test */,
				297FFB2C304A56DA0033A0F6 /* Direct Production */,
			);
			defaultConfigurationIsVisible = 0;
			defaultConfigurationName = Release;
		};
/* End XCConfigurationList section */

/* Begin XCRemoteSwiftPackageReference section */
		BB0000000000000000000004 /* XCRemoteSwiftPackageReference "Sparkle" */ = {
			isa = XCRemoteSwiftPackageReference;
			repositoryURL = "https://github.com/sparkle-project/Sparkle";
			requirement = {
				kind = exactVersion;
				version = 2.9.6;
			};
		};
/* End XCRemoteSwiftPackageReference section */

/* Begin XCSwiftPackageProductDependency section */
		BB0000000000000000000005 /* Sparkle */ = {
			isa = XCSwiftPackageProductDependency;
			package = BB0000000000000000000004 /* XCRemoteSwiftPackageReference "Sparkle" */;
			productName = Sparkle;
		};
/* End XCSwiftPackageProductDependency section */
	};
	rootObject = 29986C6E3037E7160009632B /* Project object */;
}
